// !$*UTF8*$!
{
	archiveVersion = 1;
	classes = {
	};
	objectVersion = 48;
	objects = {

/* Begin PBXBuildFile section */
		B607DA77209DF64700D0B987 /* UIColor+ColorChange.m in Sources */ = {isa = PBXBuildFile; fileRef = B607DA76209DF64700D0B987 /* UIColor+ColorChange.m */; };
		B645A4E1209C9EF400064E88 /* Stack.m in Sources */ = {isa = PBXBuildFile; fileRef = B645A4E0209C9EF400064E88 /* Stack.m */; };
		B645C05A209D97F100E0B3CD /* Keyboard.m in Sources */ = {isa = PBXBuildFile; fileRef = B645C059209D97F100E0B3CD /* Keyboard.m */; };
		B69E09B7209B1DF3006B6FE3 /* AppDelegate.m in Sources */ = {isa = PBXBuildFile; fileRef = B69E09B6209B1DF3006B6FE3 /* AppDelegate.m */; };
		B69E09BA209B1DF3006B6FE3 /* ViewController.m in Sources */ = {isa = PBXBuildFile; fileRef = B69E09B9209B1DF3006B6FE3 /* ViewController.m */; };
		B69E09BD209B1DF3006B6FE3 /* Main.storyboard in Resources */ = {isa = PBXBuildFile; fileRef = B69E09BB209B1DF3006B6FE3 /* Main.storyboard */; };
		B69E09BF209B1DF3006B6FE3 /* Assets.xcassets in Resources */ = {isa = PBXBuildFile; fileRef = B69E09BE209B1DF3006B6FE3 /* Assets.xcassets */; };
		B69E09C2209B1DF3006B6FE3 /* LaunchScreen.storyboard in Resources */ = {isa = PBXBuildFile; fileRef = B69E09C0209B1DF3006B6FE3 /* LaunchScreen.storyboard */; };
		B69E09C5209B1DF3006B6FE3 /* main.m in Sources */ = {isa = PBXBuildFile; fileRef = B69E09C4209B1DF3006B6FE3 /* main.m */; };
		B69E09CD209B1E74006B6FE3 /* Fraction.m in Sources */ = {isa = PBXBuildFile; fileRef = B69E09CC209B1E74006B6FE3 /* Fraction.m */; };
		B69E09D0209B27C7006B6FE3 /* Calculator.m in Sources */ = {isa = PBXBuildFile; fileRef = B69E09CF209B27C7006B6FE3 /* Calculator.m */; };
/* End PBXBuildFile section */

/* Begin PBXFileReference section */
		B607DA75209DF64700D0B987 /* UIColor+ColorChange.h */ = {isa = PBXFileReference; lastKnownFileType = sourcecode.c.h; path = "UIColor+ColorChange.h"; sourceTree = "<group>"; };
		B607DA76209DF64700D0B987 /* UIColor+ColorChange.m */ = {isa = PBXFileReference; lastKnownFileType = sourcecode.c.objc; path = "UIColor+ColorChange.m"; sourceTree = "<group>"; };
		B645A4DF209C9EF400064E88 /* Stack.h */ = {isa = PBXFileReference; lastKnownFileType = sourcecode.c.h; path = Stack.h; sourceTree = "<group>"; };
		B645A4E0209C9EF400064E88 /* Stack.m */ = {isa = PBXFileReference; lastKnownFileType = sourcecode.c.objc; path = Stack.m; sourceTree = "<group>"; };
		B645C058209D97F100E0B3CD /* Keyboard.h */ = {isa = PBXFileReference; lastKnownFileType = sourcecode.c.h; path = Keyboard.h; sourceTree = "<group>"; };
		B645C059209D97F100E0B3CD /* Keyboard.m */ = {isa = PBXFileReference; lastKnownFileType = sourcecode.c.objc; path = Keyboard.m; sourceTree = "<group>"; };
		B69E09B2209B1DF3006B6FE3 /* homework6.app */ = {isa = PBXFileReference; explicitFileType = wrapper.application; includeInIndex = 0; path = homework6.app; sourceTree = BUILT_PRODUCTS_DIR; };
		B69E09B5209B1DF3006B6FE3 /* AppDelegate.h */ = {isa = PBXFileReference; lastKnownFileType = sourcecode.c.h; path = AppDelegate.h; sourceTree = "<group>"; };
		B69E09B6209B1DF3006B6FE3 /* AppDelegate.m */ = {isa = PBXFileReference; lastKnownFileType = sourcecode.c.objc; path = AppDelegate.m; sourceTree = "<group>"; };
		B69E09B8209B1DF3006B6FE3 /* ViewController.h */ = {isa = PBXFileReference; lastKnownFileType = sourcecode.c.h; path = ViewController.h; sourceTree = "<group>"; };
		B69E09B9209B1DF3006B6FE3 /* ViewController.m */ = {isa = PBXFileReference; lastKnownFileType = sourcecode.c.objc; path = ViewController.m; sourceTree = "<group>"; };
		B69E09BC209B1DF3006B6FE3 /* Base */ = {isa = PBXFileReference; lastKnownFileType = file.storyboard; name = Base; path = Base.lproj/Main.storyboard; sourceTree = "<group>"; };
		B69E09BE209B1DF3006B6FE3 /* Assets.xcassets */ = {isa = PBXFileReference; lastKnownFileType = folder.assetcatalog; path = Assets.xcassets; sourceTree = "<group>"; };
		B69E09C1209B1DF3006B6FE3 /* Base */ = {isa = PBXFileReference; lastKnownFileType = file.storyboard; name = Base; path = Base.lproj/LaunchScreen.storyboard; sourceTree = "<group>"; };
		B69E09C3209B1DF3006B6FE3 /* Info.plist */ = {isa = PBXFileReference; lastKnownFileType = text.plist.xml; path = Info.plist; sourceTree = "<group>"; };
		B69E09C4209B1DF3006B6FE3 /* main.m */ = {isa = PBXFileReference; lastKnownFileType = sourcecode.c.objc; path = main.m; sourceTree = "<group>"; };
		B69E09CB209B1E74006B6FE3 /* Fraction.h */ = {isa = PBXFileReference; lastKnownFileType = sourcecode.c.h; path = Fraction.h; sourceTree = "<group>"; };
		B69E09CC209B1E74006B6FE3 /* Fraction.m */ = {isa = PBXFileReference; lastKnownFileType = sourcecode.c.objc; path = Fraction.m; sourceTree = "<group>"; };
		B69E09CE209B27C7006B6FE3 /* Calculator.h */ = {isa = PBXFileReference; lastKnownFileType = sourcecode.c.h; path = Calculator.h; sourceTree = "<group>"; };
		B69E09CF209B27C7006B6FE3 /* Calculator.m */ = {isa = PBXFileReference; lastKnownFileType = sourcecode.c.objc; path = Calculator.m; sourceTree = "<group>"; };
/* End PBXFileReference section */

/* Begin PBXFrameworksBuildPhase section */
		B69E09AF209B1DF3006B6FE3 /* Frameworks */ = {
			isa = PBXFrameworksBuildPhase;
			buildActionMask = 2147483647;
			files = (
			);
			runOnlyForDeploymentPostprocessing = 0;
		};
/* End PBXFrameworksBuildPhase section */

/* Begin PBXGroup section */
		B69E09A9209B1DF3006B6FE3 = {
			isa = PBXGroup;
			children = (
				B69E09B4209B1DF3006B6FE3 /* homework6 */,
				B69E09B3209B1DF3006B6FE3 /* Products */,
			);
			sourceTree = "<group>";
		};
		B69E09B3209B1DF3006B6FE3 /* Products */ = {
			isa = PBXGroup;
			children = (
				B69E09B2209B1DF3006B6FE3 /* homework6.app */,
			);
			name = Products;
			sourceTree = "<group>";
		};
		B69E09B4209B1DF3006B6FE3 /* homework6 */ = {
			isa = PBXGroup;
			children = (
				B69E09B5209B1DF3006B6FE3 /* AppDelegate.h */,
				B69E09B6209B1DF3006B6FE3 /* AppDelegate.m */,
				B69E09B8209B1DF3006B6FE3 /* ViewController.h */,
				B69E09B9209B1DF3006B6FE3 /* ViewController.m */,
				B69E09BB209B1DF3006B6FE3 /* Main.storyboard */,
				B69E09BE209B1DF3006B6FE3 /* Assets.xcassets */,
				B69E09C0209B1DF3006B6FE3 /* LaunchScreen.storyboard */,
				B69E09C3209B1DF3006B6FE3 /* Info.plist */,
				B69E09C4209B1DF3006B6FE3 /* main.m */,
				B69E09CB209B1E74006B6FE3 /* Fraction.h */,
				B69E09CC209B1E74006B6FE3 /* Fraction.m */,
				B69E09CE209B27C7006B6FE3 /* Calculator.h */,
				B69E09CF209B27C7006B6FE3 /* Calculator.m */,
				B645A4DF209C9EF400064E88 /* Stack.h */,
				B645A4E0209C9EF400064E88 /* Stack.m */,
				B645C058209D97F100E0B3CD /* Keyboard.h */,
				B645C059209D97F100E0B3CD /* Keyboard.m */,
				B607DA75209DF64700D0B987 /* UIColor+ColorChange.h */,
				B607DA76209DF64700D0B987 /* UIColor+ColorChange.m */,
			);
			path = homework6;
			sourceTree = "<group>";
		};
/* End PBXGroup section */

/* Begin PBXNativeTarget section */
		B69E09B1209B1DF3006B6FE3 /* homework6 */ = {
			isa = PBXNativeTarget;
			buildConfigurationList = B69E09C8209B1DF3006B6FE3 /* Build configuration list for PBXNativeTarget "homework6" */;
			buildPhases = (
				B69E09AE209B1DF3006B6FE3 /* Sources */,
				B69E09AF209B1DF3006B6FE3 /* Frameworks */,
				B69E09B0209B1DF3006B6FE3 /* Resources */,
			);
			buildRules = (
			);
			dependencies = (
			);
			name = homework6;
			productName = homework6;
			productReference = B69E09B2209B1DF3006B6FE3 /* homework6.app */;
			productType = "com.apple.product-type.application";
		};
/* End PBXNativeTarget section */

/* Begin PBXProject section */
		B69E09AA209B1DF3006B6FE3 /* Project object */ = {
			isa = PBXProject;
			attributes = {
				LastUpgradeCheck = 0920;
				ORGANIZATIONNAME = Victorinox;
				TargetAttributes = {
					B69E09B1209B1DF3006B6FE3 = {
						CreatedOnToolsVersion = 9.2;
						ProvisioningStyle = Automatic;
					};
				};
			};
			buildConfigurationList = B69E09AD209B1DF3006B6FE3 /* Build configuration list for PBXProject "homework6" */;
			compatibilityVersion = "Xcode 8.0";
			developmentRegion = en;
			hasScannedForEncodings = 0;
			knownRegions = (
				en,
				Base,
			);
			mainGroup = B69E09A9209B1DF3006B6FE3;
			productRefGroup = B69E09B3209B1DF3006B6FE3 /* Products */;
			projectDirPath = "";
			projectRoot = "";
			targets = (
				B69E09B1209B1DF3006B6FE3 /* homework6 */,
			);
		};
/* End PBXProject section */

/* Begin PBXResourcesBuildPhase section */
		B69E09B0209B1DF3006B6FE3 /* Resources */ = {
			isa = PBXResourcesBuildPhase;
			buildActionMask = 2147483647;
			files = (
				B69E09C2209B1DF3006B6FE3 /* LaunchScreen.storyboard in Resources */,
				B69E09BF209B1DF3006B6FE3 /* Assets.xcassets in Resources */,
				B69E09BD209B1DF3006B6FE3 /* Main.storyboard in Resources */,
			);
			runOnlyForDeploymentPostprocessing = 0;
		};
/* End PBXResourcesBuildPhase section */

/* Begin PBXSourcesBuildPhase section */
		B69E09AE209B1DF3006B6FE3 /* Sources */ = {
			isa = PBXSourcesBuildPhase;
			buildActionMask = 2147483647;
			files = (
				B645A4E1209C9EF400064E88 /* Stack.m in Sources */,
				B69E09BA209B1DF3006B6FE3 /* ViewController.m in Sources */,
				B69E09C5209B1DF3006B6FE3 /* main.m in Sources */,
				B69E09B7209B1DF3006B6FE3 /* AppDelegate.m in Sources */,
				B645C05A209D97F100E0B3CD /* Keyboard.m in Sources */,
				B607DA77209DF64700D0B987 /* UIColor+ColorChange.m in Sources */,
				B69E09CD209B1E74006B6FE3 /* Fraction.m in Sources */,
				B69E09D0209B27C7006B6FE3 /* Calculator.m in Sources */,
			);
			runOnlyForDeploymentPostprocessing = 0;
		};
/* End PBXSourcesBuildPhase section */

/* Begin PBXVariantGroup section */
		B69E09BB209B1DF3006B6FE3 /* Main.storyboard */ = {
			isa = PBXVariantGroup;
			children = (
				B69E09BC209B1DF3006B6FE3 /* Base */,
			);
			name = Main.storyboard;
			sourceTree = "<group>";
		};
		B69E09C0209B1DF3006B6FE3 /* LaunchScreen.storyboard */ = {
			isa = PBXVariantGroup;
			children = (
				B69E09C1209B1DF3006B6FE3 /* Base */,
			);
			name = LaunchScreen.storyboard;
			sourceTree = "<group>";
		};
/* End PBXVariantGroup section */

/* Begin XCBuildConfiguration section */
		B69E09C6209B1DF3006B6FE3 /* Debug */ = {
			isa = XCBuildConfiguration;
			buildSettings = {
				ALWAYS_SEARCH_USER_PATHS = NO;
				CLANG_ANALYZER_NONNULL = YES;
				CLANG_ANALYZER_NUMBER_OBJECT_CONVERSION = YES_AGGRESSIVE;
				CLANG_CXX_LANGUAGE_STANDARD = "gnu++14";
				CLANG_CXX_LIBRARY = "libc++";
				CLANG_ENABLE_MODULES = YES;
				CLANG_ENABLE_OBJC_ARC = YES;
				CLANG_WARN_BLOCK_CAPTURE_AUTORELEASING = YES;
				CLANG_WARN_BOOL_CONVERSION = YES;
				CLANG_WARN_COMMA = YES;
				CLANG_WARN_CONSTANT_CONVERSION = YES;
				CLANG_WARN_DIRECT_OBJC_ISA_USAGE = YES_ERROR;
				CLANG_WARN_DOCUMENTATION_COMMENTS = YES;
				CLANG_WARN_EMPTY_BODY = YES;
				CLANG_WARN_ENUM_CONVERSION = YES;
				CLANG_WARN_INFINITE_RECURSION = YES;
				CLANG_WARN_INT_CONVERSION = YES;
				CLANG_WARN_NON_LITERAL_NULL_CONVERSION = YES;
				CLANG_WARN_OBJC_LITERAL_CONVERSION = YES;
				CLANG_WARN_OBJC_ROOT_CLASS = YES_ERROR;
				CLANG_WARN_RANGE_LOOP_ANALYSIS = YES;
				CLANG_WARN_STRICT_PROTOTYPES = YES;
				CLANG_WARN_SUSPICIOUS_MOVE = YES;
				CLANG_WARN_UNGUARDED_AVAILABILITY = YES_AGGRESSIVE;
				CLANG_WARN_UNREACHABLE_CODE = YES;
				CLANG_WARN__DUPLICATE_METHOD_MATCH = YES;
				CODE_SIGN_IDENTITY = "iPhone Developer";
				COPY_PHASE_STRIP = NO;
				DEBUG_INFORMATION_FORMAT = dwarf;
				ENABLE_STRICT_OBJC_MSGSEND = YES;
				ENABLE_TESTABILITY = YES;
				GCC_C_LANGUAGE_STANDARD = gnu11;
				GCC_DYNAMIC_NO_PIC = NO;
				GCC_NO_COMMON_BLOCKS = YES;
				GCC_OPTIMIZATION_LEVEL = 0;
				GCC_PREPROCESSOR_DEFINITIONS = (
					"DEBUG=1",
					"$(inherited)",
				);
				GCC_WARN_64_TO_32_BIT_CONVERSION = YES;
				GCC_WARN_ABOUT_RETURN_TYPE = YES_ERROR;
				GCC_WARN_UNDECLARED_SELECTOR = YES;
				GCC_WARN_UNINITIALIZED_AUTOS = YES_AGGRESSIVE;
				GCC_WARN_UNUSED_FUNCTION = YES;
				GCC_WARN_UNUSED_VARIABLE = YES;
				IPHONEOS_DEPLOYMENT_TARGET = 11.2;
				MTL_ENABLE_DEBUG_INFO = YES;
				ONLY_ACTIVE_ARCH = YES;
				SDKROOT = iphoneos;
			};
			name = Debug;
		};
		B69E09C7209B1DF3006B6FE3 /* Release */ = {
			isa = XCBuildConfiguration;
			buildSettings = {
				ALWAYS_SEARCH_USER_PATHS = NO;
				CLANG_ANALYZER_NONNULL = YES;
				CLANG_ANALYZER_NUMBER_OBJECT_CONVERSION = YES_AGGRESSIVE;
				CLANG_CXX_LANGUAGE_STANDARD = "gnu++14";
				CLANG_CXX_LIBRARY = "libc++";
				CLANG_ENABLE_MODULES = YES;
				CLANG_ENABLE_OBJC_ARC = YES;
				CLANG_WARN_BLOCK_CAPTURE_AUTORELEASING = YES;
				CLANG_WARN_BOOL_CONVERSION = YES;
				CLANG_WARN_COMMA = YES;
				CLANG_WARN_CONSTANT_CONVERSION = YES;
				CLANG_WARN_DIRECT_OBJC_ISA_USAGE = YES_ERROR;
				CLANG_WARN_DOCUMENTATION_COMMENTS = YES;
				CLANG_WARN_EMPTY_BODY = YES;
				CLANG_WARN_ENUM_CONVERSION = YES;
				CLANG_WARN_INFINITE_RECURSION = YES;
				CLANG_WARN_INT_CONVERSION = YES;
				CLANG_WARN_NON_LITERAL_NULL_CONVERSION = YES;
				CLANG_WARN_OBJC_LITERAL_CONVERSION = YES;
				CLANG_WARN_OBJC_ROOT_CLASS = YES_ERROR;
				CLANG_WARN_RANGE_LOOP_ANALYSIS = YES;
				CLANG_WARN_STRICT_PROTOTYPES = YES;
				CLANG_WARN_SUSPICIOUS_MOVE = YES;
				CLANG_WARN_UNGUARDED_AVAILABILITY = YES_AGGRESSIVE;
				CLANG_WARN_UNREACHABLE_CODE = YES;
				CLANG_WARN__DUPLICATE_METHOD_MATCH = YES;
				CODE_SIGN_IDENTITY = "iPhone Developer";
				COPY_PHASE_STRIP = NO;
				DEBUG_INFORMATION_FORMAT = "dwarf-with-dsym";
				ENABLE_NS_ASSERTIONS = NO;
				ENABLE_STRICT_OBJC_MSGSEND = YES;
				GCC_C_LANGUAGE_STANDARD = gnu11;
				GCC_NO_COMMON_BLOCKS = YES;
				GCC_WARN_64_TO_32_BIT_CONVERSION = YES;
				GCC_WARN_ABOUT_RETURN_TYPE = YES_ERROR;
				GCC_WARN_UNDECLARED_SELECTOR = YES;
				GCC_WARN_UNINITIALIZED_AUTOS = YES_AGGRESSIVE;
				GCC_WARN_UNUSED_FUNCTION = YES;
				GCC_WARN_UNUSED_VARIABLE = YES;
				IPHONEOS_DEPLOYMENT_TARGET = 11.2;
				MTL_ENABLE_DEBUG_INFO = NO;
				SDKROOT = iphoneos;
				VALIDATE_PRODUCT = YES;
			};
			name = Release;
		};
		B69E09C9209B1DF3006B6FE3 /* Debug */ = {
			isa = XCBuildConfiguration;
			buildSettings = {
				ASSETCATALOG_COMPILER_APPICON_NAME = AppIcon;
				CODE_SIGN_STYLE = Automatic;
				INFOPLIST_FILE = homework6/Info.plist;
				LD_RUNPATH_SEARCH_PATHS = "$(inherited) @executable_path/Frameworks";
				PRODUCT_BUNDLE_IDENTIFIER = airvender.homework6;
				PRODUCT_NAME = "$(TARGET_NAME)";
				TARGETED_DEVICE_FAMILY = "1,2";
			};
			name = Debug;
		};
		B69E09CA209B1DF3006B6FE3 /* Release */ = {
			isa = XCBuildConfiguration;
			buildSettings = {
				ASSETCATALOG_COMPILER_APPICON_NAME = AppIcon;
				CODE_SIGN_STYLE = Automatic;
				INFOPLIST_FILE = homework6/Info.plist;
				LD_RUNPATH_SEARCH_PATHS = "$(inherited) @executable_path/Frameworks";
				PRODUCT_BUNDLE_IDENTIFIER = airvender.homework6;
				PRODUCT_NAME = "$(TARGET_NAME)";
				TARGETED_DEVICE_FAMILY = "1,2";
			};
			name = Release;
		};
/* End XCBuildConfiguration section */

/* Begin XCConfigurationList section */
		B69E09AD209B1DF3006B6FE3 /* Build configuration list for PBXProject "homework6" */ = {
			isa = XCConfigurationList;
			buildConfigurations = (
				B69E09C6209B1DF3006B6FE3 /* Debug */,
				B69E09C7209B1DF3006B6FE3 /* Release */,
			);
			defaultConfigurationIsVisible = 0;
			defaultConfigurationName = Release;
		};
		B69E09C8209B1DF3006B6FE3 /* Build configuration list for PBXNativeTarget "homework6" */ = {
			isa = XCConfigurationList;
			buildConfigurations = (
				B69E09C9209B1DF3006B6FE3 /* Debug */,
				B69E09CA209B1DF3006B6FE3 /* Release */,
			);
			defaultConfigurationIsVisible = 0;
			defaultConfigurationName = Release;
		};
/* End XCConfigurationList section */
	};
	rootObject = B69E09AA209B1DF3006B6FE3 /* Project object */;
}
